# This file was autogenerated by Stack.
# You should not edit this file by hand.
# For more information, please see the documentation at:
#   https://docs.haskellstack.org/en/stable/lock_files

packages:
- completed:
    hackage: advent-of-code-api-0.2.9.1@sha256:ceb8adc0b04d13f121358e334a99c04acc2db5291ba23ea9ba783c9d4c2c194f,2275
    pantry-tree:
      sha256: d3ddc0c197a1546fe7719fa6d5ffebfe9d0fe8487de0be22577f1cfa9807825c
      size: 1185
  original:
    hackage: advent-of-code-api-0.2.9.1
snapshots:
- completed:
    sha256: 08bd13ce621b41a8f5e51456b38d5b46d7783ce114a50ab604d6bbab0d002146
    size: 720271
    url: https://raw.githubusercontent.com/commercialhaskell/stackage-snapshots/master/lts/22/43.yaml
  original:
    url: https://raw.githubusercontent.com/commercialhaskell/stackage-snapshots/master/lts/22/43.yaml
